
Microsoft Visual Studio Solution File, Format Version 12.00
# Visual Studio 15
VisualStudioVersion = 15.0.28307.421
MinimumVisualStudioVersion = 10.0.40219.1
Project("{FAE04EC0-301F-11D3-BF4B-00C04F79EFBC}") = "JobApplication", "JobApplication\JobApplication.csproj", "{BFD53193-2029-462A-873A-486558F512A3}"
EndProject
Global
	GlobalSection(SolutionConfigurationPlatforms) = preSolution
		Debug|Any CPU = Debug|Any CPU
		Release|Any CPU = Release|Any CPU
	EndGlobalSection
	GlobalSection(ProjectConfigurationPlatforms) = postSolution
		{BFD53193-2029-462A-873A-486558F512A3}.Debug|Any CPU.ActiveCfg = Debug|Any CPU
		{BFD53193-2029-462A-873A-486558F512A3}.Debug|Any CPU.Build.0 = Debug|Any CPU
		{BFD53193-2029-462A-873A-486558F512A3}.Release|Any CPU.ActiveCfg = Release|Any CPU
		{BFD53193-2029-462A-873A-486558F512A3}.Release|Any CPU.Build.0 = Release|Any CPU
	EndGlobalSection
	GlobalSection(SolutionProperties) = preSolution
		HideSolutionNode = FALSE
	EndGlobalSection
	GlobalSection(ExtensibilityGlobals) = postSolution
		SolutionGuid = {9A320674-77F0-4AB4-8C9F-91F6BA1FC878}
	EndGlobalSection
EndGlobal
